{"1.2.0",
[{<<"base64url">>,{pkg,<<"base64url">>,<<"0.0.1">>},1},
 {<<"jsx">>,{pkg,<<"jsx">>,<<"2.8.3">>},1},
 {<<"jwt">>,{pkg,<<"jwt">>,<<"0.1.11">>},0},
 {<<"msgpack">>,{pkg,<<"msgpack">>,<<"0.7.0">>},0}]}.
[
{pkg_hash,[
 {<<"base64url">>, <<"36A90125F5948E3AFD7BE97662A1504B934DD5DAC78451CA6E9ABF85A10286BE">>},
 {<<"jsx">>, <<"A05252D381885240744D955FBE3CF810504EB2567164824E19303EA59EEF62CF">>},
 {<<"jwt">>, <<"4F18896C4A182530ED445312C45AC353D801FBDFD54F538910370E9CF12687CF">>},
 {<<"msgpack">>, <<"128AE0A2227C7E7A2847C0F0F73551C268464F8C1EE96BFFB920BC0A5712B295">>}]},
{pkg_hash_ext,[
 {<<"base64url">>, <<"FAB09B20E3F5DB886725544CBCF875B8E73EC93363954EB8A1A9ED834AA8C1F9">>},
 {<<"jsx">>, <<"FC3499FED7A726995AA659143A248534ADC754EBD16CCD437CD93B649A95091F">>},
 {<<"jwt">>, <<"B483FBB786D1BD050B3C551D323112D604E5B0F9CF9DC5671ADEEC462C2E36BB">>},
 {<<"msgpack">>, <<"4649353DA003E6F438D105E4B1E0F17757F6F5EC8687A6F30875FF3AC4CE2A51">>}]}
].
